Microsoft Visual Studio Solution File, Format Version 12.00
# Visual Studio Version 17
VisualStudioVersion = 17.8.0.0
MinimumVisualStudioVersion = 17.8.0.0
Project("{9A19103F-16F7-4668-BE54-9A1E7A4F7556}") = "RailwaySystem.AppHost", "RailwaySystem.AppHost\RailwaySystem.AppHost.csproj", "{65E43F9E-1C83-432D-9DF2-220959641CE9}"
EndProject
Project("{9A19103F-16F7-4668-BE54-9A1E7A4F7556}") = "RailwaySystem.ServiceDefaults", "RailwaySystem.ServiceDefaults\RailwaySystem.ServiceDefaults.csproj", "{45E0F35C-DC10-401F-A359-7D3EB108C012}"
EndProject
Project("{FAE04EC0-301F-11D3-BF4B-00C04F79EFBC}") = "IdentityService", "IdentityService\IdentityService.csproj", "{12C95655-AB41-4941-8982-9D559E3F41BA}"
EndProject
Project("{FAE04EC0-301F-11D3-BF4B-00C04F79EFBC}") = "WagonService", "WagonService\WagonService.csproj", "{B3AB5212-4727-4F41-9BEF-5AE57951D326}"
EndProject
Global
	GlobalSection(SolutionConfigurationPlatforms) = preSolution
		Debug|Any CPU = Debug|Any CPU
		Release|Any CPU = Release|Any CPU
	EndGlobalSection
	GlobalSection(ProjectConfigurationPlatforms) = postSolution
		{65E43F9E-1C83-432D-9DF2-220959641CE9}.Debug|Any CPU.ActiveCfg = Debug|Any CPU
		{65E43F9E-1C83-432D-9DF2-220959641CE9}.Debug|Any CPU.Build.0 = Debug|Any CPU
		{65E43F9E-1C83-432D-9DF2-220959641CE9}.Release|Any CPU.ActiveCfg = Release|Any CPU
		{65E43F9E-1C83-432D-9DF2-220959641CE9}.Release|Any CPU.Build.0 = Release|Any CPU
		{45E0F35C-DC10-401F-A359-7D3EB108C012}.Debug|Any CPU.ActiveCfg = Debug|Any CPU
		{45E0F35C-DC10-401F-A359-7D3EB108C012}.Debug|Any CPU.Build.0 = Debug|Any CPU
		{45E0F35C-DC10-401F-A359-7D3EB108C012}.Release|Any CPU.ActiveCfg = Release|Any CPU
		{45E0F35C-DC10-401F-A359-7D3EB108C012}.Release|Any CPU.Build.0 = Release|Any CPU
		{12C95655-AB41-4941-8982-9D559E3F41BA}.Debug|Any CPU.ActiveCfg = Debug|Any CPU
		{12C95655-AB41-4941-8982-9D559E3F41BA}.Debug|Any CPU.Build.0 = Debug|Any CPU
		{12C95655-AB41-4941-8982-9D559E3F41BA}.Release|Any CPU.ActiveCfg = Release|Any CPU
		{12C95655-AB41-4941-8982-9D559E3F41BA}.Release|Any CPU.Build.0 = Release|Any CPU
		{B3AB5212-4727-4F41-9BEF-5AE57951D326}.Debug|Any CPU.ActiveCfg = Debug|Any CPU
		{B3AB5212-4727-4F41-9BEF-5AE57951D326}.Debug|Any CPU.Build.0 = Debug|Any CPU
		{B3AB5212-4727-4F41-9BEF-5AE57951D326}.Release|Any CPU.ActiveCfg = Release|Any CPU
		{B3AB5212-4727-4F41-9BEF-5AE57951D326}.Release|Any CPU.Build.0 = Release|Any CPU
	EndGlobalSection
	GlobalSection(SolutionProperties) = preSolution
		HideSolutionNode = FALSE
	EndGlobalSection
	GlobalSection(ExtensibilityGlobals) = postSolution
		SolutionGuid = {AFB7BFBA-EE49-496A-AD2B-32F2E88C5BB5}
	EndGlobalSection
EndGlobal
